Microsoft Visual Studio Solution File, Format Version 11.00
# Visual Studio 2008

Project("{14459604-FAA7-ABA7-D222-2550A8B44630}") = "DndTable.Unity", "Assembly-CSharp-firstpass-vs.csproj", "{6321B33D-F854-08F5-0C60-E462ADB452B4}"
EndProject
Project("{14459604-FAA7-ABA7-D222-2550A8B44630}") = "DndTable.Unity", "Assembly-CSharp-vs.csproj", "{1E1E54F0-40D0-42C2-809F-C6D4A82F8BDC}"
EndProject
Global
	GlobalSection(SolutionConfigurationPlatforms) = preSolution
		Debug|Any CPU = Debug|Any CPU
		Release|Any CPU = Release|Any CPU
	EndGlobalSection
	GlobalSection(ProjectConfigurationPlatforms) = postSolution
		{6321B33D-F854-08F5-0C60-E462ADB452B4}.Debug|Any CPU.ActiveCfg = Debug|Any CPU
		{6321B33D-F854-08F5-0C60-E462ADB452B4}.Debug|Any CPU.Build.0 = Debug|Any CPU
		{6321B33D-F854-08F5-0C60-E462ADB452B4}.Release|Any CPU.ActiveCfg = Release|Any CPU
		{6321B33D-F854-08F5-0C60-E462ADB452B4}.Release|Any CPU.Build.0 = Release|Any CPU
		{1E1E54F0-40D0-42C2-809F-C6D4A82F8BDC}.Debug|Any CPU.ActiveCfg = Debug|Any CPU
		{1E1E54F0-40D0-42C2-809F-C6D4A82F8BDC}.Debug|Any CPU.Build.0 = Debug|Any CPU
		{1E1E54F0-40D0-42C2-809F-C6D4A82F8BDC}.Release|Any CPU.ActiveCfg = Release|Any CPU
		{1E1E54F0-40D0-42C2-809F-C6D4A82F8BDC}.Release|Any CPU.Build.0 = Release|Any CPU
	EndGlobalSection
	GlobalSection(SolutionProperties) = preSolution
		HideSolutionNode = FALSE
	EndGlobalSection
																																																																																																																										GlobalSection(MonoDevelopProperties) = preSolution
		StartupItem = Assembly-CSharp.csproj
		Policies = $0
		$0.TextStylePolicy = $1
		$1.inheritsSet = null
		$1.scope = text/x-csharp
		$0.CSharpFormattingPolicy = $2
		$2.inheritsSet = Mono
		$2.inheritsScope = text/x-csharp
		$2.scope = text/x-csharp
		$0.TextStylePolicy = $3
		$3.FileWidth = 120
		$3.TabWidth = 4
		$3.EolMarker = Unix
		$3.inheritsSet = Mono
		$3.inheritsScope = text/plain
		$3.scope = text/plain
	EndGlobalSection

EndGlobal
